<?xml version="1.0" encoding="utf-8"?>
<Project ToolsVersion="4.0" xmlns="http://schemas.microsoft.com/developer/msbuild/2003">
  <ItemGroup>
    <Filter Include="Source Files">
      <UniqueIdentifier>{4FC737F1-C7A5-4376-A066-2A32D752A2FF}</UniqueIdentifier>
      <Extensions>cpp;c;cc;cxx;def;odl;idl;hpj;bat;asm;asmx</Extensions>
    </Filter>
    <Filter Include="Header Files">
      <UniqueIdentifier>{93995380-89BD-4b04-88EB-625FBE52EBFB}</UniqueIdentifier>
      <Extensions>h;hh;hpp;hxx;hm;inl;inc;xsd</Extensions>
    </Filter>
    <Filter Include="Resource Files">
      <UniqueIdentifier>{67DA6AB6-F800-4c08-8B7A-83BB121AAD01}</UniqueIdentifier>
      <Extensions>rc;ico;cur;bmp;dlg;rc2;rct;bin;rgs;gif;jpg;jpeg;jpe;resx;tiff;tif;png;wav;mfcribbon-ms</Extensions>
    </Filter>
    <Filter Include="Header Files\includes">
      <UniqueIdentifier>{d3d370c7-b38d-4d54-ab02-57eac7beaac7}</UniqueIdentifier>
    </Filter>
    <Filter Include="Header Files\models">
      <UniqueIdentifier>{512b71df-ec45-4962-b753-185ce342c6e5}</UniqueIdentifier>
    </Filter>
    <Filter Include="Header Files\render engine">
      <UniqueIdentifier>{fae3cb2e-894f-4c62-9f23-9b9599c1f460}</UniqueIdentifier>
    </Filter>
    <Filter Include="Header Files\textures">
      <UniqueIdentifier>{5b094f31-dc45-46a1-933e-7e78c5bee25f}</UniqueIdentifier>
    </Filter>
    <Filter Include="Source Files\models">
      <UniqueIdentifier>{6886ba96-e56e-4122-9b91-cbcfaea60420}</UniqueIdentifier>
    </Filter>
    <Filter Include="Source Files\render engine">
      <UniqueIdentifier>{0e7d31f8-d698-40ae-b31e-85f04de06952}</UniqueIdentifier>
    </Filter>
    <Filter Include="Source Files\shaders">
      <UniqueIdentifier>{18e3627a-b184-46a6-8e52-8255be0ffcb8}</UniqueIdentifier>
    </Filter>
    <Filter Include="Source Files\textures">
      <UniqueIdentifier>{899b9ce1-7537-438c-adfe-a333d270678c}</UniqueIdentifier>
    </Filter>
    <Filter Include="Header Files\toolbox">
      <UniqueIdentifier>{96866ebd-02bd-4d01-a8ca-166d3a53b9a1}</UniqueIdentifier>
    </Filter>
    <Filter Include="Source Files\toolbox">
      <UniqueIdentifier>{c77ddb29-4d5b-4a2d-bf37-6ec0d5adac45}</UniqueIdentifier>
    </Filter>
    <Filter Include="Header Files\entities">
      <UniqueIdentifier>{49d771e5-b76b-42ff-bbf5-3e6ef3760534}</UniqueIdentifier>
    </Filter>
    <Filter Include="Source Files\entities">
      <UniqueIdentifier>{c7ada01d-3189-49fe-bae4-2c568665d115}</UniqueIdentifier>
    </Filter>
    <Filter Include="Header Files\shaders">
      <UniqueIdentifier>{a1db26d5-23f7-4419-8978-94686613089a}</UniqueIdentifier>
    </Filter>
    <Filter Include="Header Files\terrains">
      <UniqueIdentifier>{7deb1f84-3c50-4052-80ff-1eaee33916dd}</UniqueIdentifier>
    </Filter>
    <Filter Include="Source Files\terrains">
      <UniqueIdentifier>{ec61133b-084e-4743-9dd0-0280c6174cc2}</UniqueIdentifier>
    </Filter>
  </ItemGroup>
  <ItemGroup>
    <ClCompile Include="RawModel.cpp">
      <Filter>Source Files\models</Filter>
    </ClCompile>
    <ClCompile Include="Loader.cpp">
      <Filter>Source Files\render engine</Filter>
    </ClCompile>
    <ClCompile Include="DisplayManager.cpp">
      <Filter>Source Files\render engine</Filter>
    </ClCompile>
    <ClCompile Include="engineTester.cpp">
      <Filter>Source Files</Filter>
    </ClCompile>
    <ClCompile Include="Shader.cpp">
      <Filter>Source Files\shaders</Filter>
    </ClCompile>
    <ClCompile Include="StaticShader.cpp">
      <Filter>Source Files\shaders</Filter>
    </ClCompile>
    <ClCompile Include="ModelTexture.cpp">
      <Filter>Source Files\textures</Filter>
    </ClCompile>
    <ClCompile Include="TexturedModel.cpp">
      <Filter>Source Files\models</Filter>
    </ClCompile>
    <ClCompile Include="Entity.cpp">
      <Filter>Source Files\entities</Filter>
    </ClCompile>
    <ClCompile Include="Camera.cpp">
      <Filter>Source Files\models</Filter>
    </ClCompile>
    <ClCompile Include="Maths.cpp">
      <Filter>Source Files\toolbox</Filter>
    </ClCompile>
    <ClCompile Include="OBJLoader.cpp">
      <Filter>Source Files\render engine</Filter>
    </ClCompile>
    <ClCompile Include="Light.cpp">
      <Filter>Source Files\entities</Filter>
    </ClCompile>
    <ClCompile Include="MasterRenderer.cpp">
      <Filter>Source Files\render engine</Filter>
    </ClCompile>
    <ClCompile Include="EntityRenderer.cpp">
      <Filter>Source Files\render engine</Filter>
    </ClCompile>
    <ClCompile Include="Terrain.cpp">
      <Filter>Source Files\terrains</Filter>
    </ClCompile>
    <ClCompile Include="TerrainShader.cpp">
      <Filter>Source Files\shaders</Filter>
    </ClCompile>
    <ClCompile Include="TerrainRenderer.cpp">
      <Filter>Source Files\render engine</Filter>
    </ClCompile>
    <ClCompile Include="TerrainTexture.cpp">
      <Filter>Source Files\textures</Filter>
    </ClCompile>
    <ClCompile Include="TerrainTexturePack.cpp">
      <Filter>Source Files\textures</Filter>
    </ClCompile>
  </ItemGroup>
  <ItemGroup>
    <ClInclude Include="stb_image.h">
      <Filter>Header Files\includes</Filter>
    </ClInclude>
    <ClInclude Include="Loader.h">
      <Filter>Header Files\render engine</Filter>
    </ClInclude>
    <ClInclude Include="DisplayManager.h">
      <Filter>Header Files\render engine</Filter>
    </ClInclude>
    <ClInclude Include="RawModel.h">
      <Filter>Header Files\models</Filter>
    </ClInclude>
    <ClInclude Include="ModelTexture.h">
      <Filter>Header Files\textures</Filter>
    </ClInclude>
    <ClInclude Include="TexturedModel.h">
      <Filter>Header Files\models</Filter>
    </ClInclude>
    <ClInclude Include="StaticShader.h">
      <Filter>Header Files\shaders</Filter>
    </ClInclude>
    <ClInclude Include="Shader.h">
      <Filter>Header Files\shaders</Filter>
    </ClInclude>
    <ClInclude Include="Entity.h">
      <Filter>Header Files\entities</Filter>
    </ClInclude>
    <ClInclude Include="Camera.h">
      <Filter>Header Files\models</Filter>
    </ClInclude>
    <ClInclude Include="Maths.h">
      <Filter>Header Files\toolbox</Filter>
    </ClInclude>
    <ClInclude Include="OBJLoader.h">
      <Filter>Header Files\render engine</Filter>
    </ClInclude>
    <ClInclude Include="Light.h">
      <Filter>Header Files\entities</Filter>
    </ClInclude>
    <ClInclude Include="MasterRenderer.h">
      <Filter>Header Files\render engine</Filter>
    </ClInclude>
    <ClInclude Include="Terrain.h">
      <Filter>Header Files\terrains</Filter>
    </ClInclude>
    <ClInclude Include="EntityRenderer.h">
      <Filter>Header Files\render engine</Filter>
    </ClInclude>
    <ClInclude Include="TerrainShader.h">
      <Filter>Header Files\shaders</Filter>
    </ClInclude>
    <ClInclude Include="TerrainRenderer.h">
      <Filter>Header Files\render engine</Filter>
    </ClInclude>
    <ClInclude Include="TerrainTexture.h">
      <Filter>Header Files\textures</Filter>
    </ClInclude>
    <ClInclude Include="TerrainTexturePack.h">
      <Filter>Header Files\textures</Filter>
    </ClInclude>
  </ItemGroup>
</Project>